
Microsoft Visual Studio Solution File, Format Version 12.00
# Visual Studio Version 16
VisualStudioVersion = 16.0.32002.261
MinimumVisualStudioVersion = 10.0.40219.1
Project("{FAE04EC0-301F-11D3-BF4B-00C04F79EFBC}") = "Nim", "Nim\Nim.csproj", "{C5F80D92-D434-4753-9C5E-4DA5BDBFEDB6}"
EndProject
Global
	GlobalSection(SolutionConfigurationPlatforms) = preSolution
		Debug|Any CPU = Debug|Any CPU
		Release|Any CPU = Release|Any CPU
	EndGlobalSection
	GlobalSection(ProjectConfigurationPlatforms) = postSolution
		{C5F80D92-D434-4753-9C5E-4DA5BDBFEDB6}.Debug|Any CPU.ActiveCfg = Debug|Any CPU
		{C5F80D92-D434-4753-9C5E-4DA5BDBFEDB6}.Debug|Any CPU.Build.0 = Debug|Any CPU
		{C5F80D92-D434-4753-9C5E-4DA5BDBFEDB6}.Release|Any CPU.ActiveCfg = Release|Any CPU
		{C5F80D92-D434-4753-9C5E-4DA5BDBFEDB6}.Release|Any CPU.Build.0 = Release|Any CPU
	EndGlobalSection
	GlobalSection(SolutionProperties) = preSolution
		HideSolutionNode = FALSE
	EndGlobalSection
	GlobalSection(ExtensibilityGlobals) = postSolution
		SolutionGuid = {42FA0E80-99FF-40A7-9EE9-0E0CA5E8CAA5}
	EndGlobalSection
EndGlobal
